// !$*UTF8*$!
{
	archiveVersion = 1;
	classes = {
	};
	objectVersion = 51;
	objects = {

/* Begin PBXBuildFile section */
		71265B91239FFE66001AEE8D /* AppDelegate.m in Sources */ = {isa = PBXBuildFile; fileRef = 71265B90239FFE66001AEE8D /* AppDelegate.m */; };
		71265B9A239FFE66001AEE8D /* Main.storyboard in Resources */ = {isa = PBXBuildFile; fileRef = 71265B98239FFE66001AEE8D /* Main.storyboard */; };
		71265B9C239FFE69001AEE8D /* Assets.xcassets in Resources */ = {isa = PBXBuildFile; fileRef = 71265B9B239FFE69001AEE8D /* Assets.xcassets */; };
		71265B9F239FFE69001AEE8D /* LaunchScreen.storyboard in Resources */ = {isa = PBXBuildFile; fileRef = 71265B9D239FFE69001AEE8D /* LaunchScreen.storyboard */; };
		71265BA2239FFE69001AEE8D /* main.m in Sources */ = {isa = PBXBuildFile; fileRef = 71265BA1239FFE69001AEE8D /* main.m */; };
		71265BB423A0339A001AEE8D /* APIManager.m in Sources */ = {isa = PBXBuildFile; fileRef = 71265BB323A0339A001AEE8D /* APIManager.m */; };
		71265BB723A03861001AEE8D /* BaseJSONModel.m in Sources */ = {isa = PBXBuildFile; fileRef = 71265BB623A03861001AEE8D /* BaseJSONModel.m */; };
		71265BBA23A039CF001AEE8D /* CardIssuerModel.m in Sources */ = {isa = PBXBuildFile; fileRef = 71265BB923A039CF001AEE8D /* CardIssuerModel.m */; };
		71265BBD23A04373001AEE8D /* PaymentMethodModel.m in Sources */ = {isa = PBXBuildFile; fileRef = 71265BBC23A04373001AEE8D /* PaymentMethodModel.m */; };
		71265BC023A04CE8001AEE8D /* InstallmentModel.m in Sources */ = {isa = PBXBuildFile; fileRef = 71265BBF23A04CE8001AEE8D /* InstallmentModel.m */; };
		71265BC323A12FEB001AEE8D /* SettingModel.m in Sources */ = {isa = PBXBuildFile; fileRef = 71265BC223A12FEB001AEE8D /* SettingModel.m */; };
		71265BC623A1355C001AEE8D /* PayerCostsModel.m in Sources */ = {isa = PBXBuildFile; fileRef = 71265BC523A1355C001AEE8D /* PayerCostsModel.m */; };
		71265BC923A16725001AEE8D /* PaymentMethodsViewModel.m in Sources */ = {isa = PBXBuildFile; fileRef = 71265BC823A16725001AEE8D /* PaymentMethodsViewModel.m */; };
		71265BCC23A16BF8001AEE8D /* PaymentMethodsViewController.m in Sources */ = {isa = PBXBuildFile; fileRef = 71265BCB23A16BF8001AEE8D /* PaymentMethodsViewController.m */; };
		71265BCF23A1B28F001AEE8D /* Constants.m in Sources */ = {isa = PBXBuildFile; fileRef = 71265BCE23A1B28F001AEE8D /* Constants.m */; };
		71265BD523A2B950001AEE8D /* PaymentMethodTableViewCell.m in Sources */ = {isa = PBXBuildFile; fileRef = 71265BD423A2B950001AEE8D /* PaymentMethodTableViewCell.m */; };
		71265BD823A2C6C6001AEE8D /* PaymentMethodCellViewModel.m in Sources */ = {isa = PBXBuildFile; fileRef = 71265BD723A2C6C6001AEE8D /* PaymentMethodCellViewModel.m */; };
		71265BDE23A429AC001AEE8D /* BaseViewModel.m in Sources */ = {isa = PBXBuildFile; fileRef = 71265BDD23A429AC001AEE8D /* BaseViewModel.m */; };
		71265BE123A42C0B001AEE8D /* BankTableViewCell.m in Sources */ = {isa = PBXBuildFile; fileRef = 71265BE023A42C0B001AEE8D /* BankTableViewCell.m */; };
		71265BE423A42DB0001AEE8D /* BanksViewModel.m in Sources */ = {isa = PBXBuildFile; fileRef = 71265BE323A42DB0001AEE8D /* BanksViewModel.m */; };
		71265BE723A42DEE001AEE8D /* BankCellViewModel.m in Sources */ = {isa = PBXBuildFile; fileRef = 71265BE623A42DEE001AEE8D /* BankCellViewModel.m */; };
		71265BEA23A449C3001AEE8D /* PaymentViewController.m in Sources */ = {isa = PBXBuildFile; fileRef = 71265BE923A449C3001AEE8D /* PaymentViewController.m */; };
		71BBB33723A54F980090EFB6 /* BanksViewController.m in Sources */ = {isa = PBXBuildFile; fileRef = 71BBB33623A54F980090EFB6 /* BanksViewController.m */; };
		71BBB33A23A550D70090EFB6 /* InstallmentsViewController.m in Sources */ = {isa = PBXBuildFile; fileRef = 71BBB33923A550D70090EFB6 /* InstallmentsViewController.m */; };
		71BBB33D23A5510E0090EFB6 /* InstallmentsViewModel.m in Sources */ = {isa = PBXBuildFile; fileRef = 71BBB33C23A5510E0090EFB6 /* InstallmentsViewModel.m */; };
		71BBB34023A5512B0090EFB6 /* InstallmentCellViewModel.m in Sources */ = {isa = PBXBuildFile; fileRef = 71BBB33F23A5512B0090EFB6 /* InstallmentCellViewModel.m */; };
		71BBB34323A551540090EFB6 /* InstallmentTableViewCell.m in Sources */ = {isa = PBXBuildFile; fileRef = 71BBB34223A551540090EFB6 /* InstallmentTableViewCell.m */; };
		71BBB34623A5712E0090EFB6 /* SummaryViewController.m in Sources */ = {isa = PBXBuildFile; fileRef = 71BBB34523A5712E0090EFB6 /* SummaryViewController.m */; };
		71BBB34923A574350090EFB6 /* SummaryViewModel.m in Sources */ = {isa = PBXBuildFile; fileRef = 71BBB34823A574350090EFB6 /* SummaryViewModel.m */; };
		71BBB34C23A6D12B0090EFB6 /* BasePaymentViewController.m in Sources */ = {isa = PBXBuildFile; fileRef = 71BBB34B23A6D12B0090EFB6 /* BasePaymentViewController.m */; };
		71BBB34F23A705FD0090EFB6 /* NSString+Utils.m in Sources */ = {isa = PBXBuildFile; fileRef = 71BBB34E23A705FD0090EFB6 /* NSString+Utils.m */; };
		71BBB35223A7C9A70090EFB6 /* AmountView.m in Sources */ = {isa = PBXBuildFile; fileRef = 71BBB35123A7C9A70090EFB6 /* AmountView.m */; };
		71BBB35423A7C9C40090EFB6 /* AmountView.xib in Resources */ = {isa = PBXBuildFile; fileRef = 71BBB35323A7C9C40090EFB6 /* AmountView.xib */; };
		71BBB35923A7E68B0090EFB6 /* ApplicationCoordinator.m in Sources */ = {isa = PBXBuildFile; fileRef = 71BBB35823A7E68B0090EFB6 /* ApplicationCoordinator.m */; };
		71BBB35F23A7F9BC0090EFB6 /* PaymentCoordinator.m in Sources */ = {isa = PBXBuildFile; fileRef = 71BBB35E23A7F9BC0090EFB6 /* PaymentCoordinator.m */; };
		71BBB36223A801CB0090EFB6 /* PaymentMethodsCoordinator.m in Sources */ = {isa = PBXBuildFile; fileRef = 71BBB36123A801CB0090EFB6 /* PaymentMethodsCoordinator.m */; };
		71BBB36623A803F60090EFB6 /* UIViewController+Create.m in Sources */ = {isa = PBXBuildFile; fileRef = 71BBB36523A803F60090EFB6 /* UIViewController+Create.m */; };
		71BBB36923A8082A0090EFB6 /* BanksCoordinator.m in Sources */ = {isa = PBXBuildFile; fileRef = 71BBB36823A8082A0090EFB6 /* BanksCoordinator.m */; };
		71BBB36C23A813B40090EFB6 /* InstallmentsCoordinator.m in Sources */ = {isa = PBXBuildFile; fileRef = 71BBB36B23A813B40090EFB6 /* InstallmentsCoordinator.m */; };
		71BBB36F23A8161B0090EFB6 /* SummaryCoordinator.m in Sources */ = {isa = PBXBuildFile; fileRef = 71BBB36E23A8161B0090EFB6 /* SummaryCoordinator.m */; };
		71BBB37223A9695D0090EFB6 /* Utils.m in Sources */ = {isa = PBXBuildFile; fileRef = 71BBB37123A9695D0090EFB6 /* Utils.m */; };
		71BBB37523A96E3B0090EFB6 /* ErrorViewController.m in Sources */ = {isa = PBXBuildFile; fileRef = 71BBB37423A96E3B0090EFB6 /* ErrorViewController.m */; };
		C55863B26F3E0619C05B20AA /* Pods_PaymentApp.framework in Frameworks */ = {isa = PBXBuildFile; fileRef = 32964B1C9A7F3ADC6DE3744C /* Pods_PaymentApp.framework */; };
/* End PBXBuildFile section */

/* Begin PBXFileReference section */
		32964B1C9A7F3ADC6DE3744C /* Pods_PaymentApp.framework */ = {isa = PBXFileReference; explicitFileType = wrapper.framework; includeInIndex = 0; path = Pods_PaymentApp.framework; sourceTree = BUILT_PRODUCTS_DIR; };
		396DBEB369B68D6CCDC07885 /* Pods-PaymentApp.release.xcconfig */ = {isa = PBXFileReference; includeInIndex = 1; lastKnownFileType = text.xcconfig; name = "Pods-PaymentApp.release.xcconfig"; path = "Target Support Files/Pods-PaymentApp/Pods-PaymentApp.release.xcconfig"; sourceTree = "<group>"; };
		4FE3EC049DE1B6C9582AC3E6 /* Pods-PaymentApp.debug.xcconfig */ = {isa = PBXFileReference; includeInIndex = 1; lastKnownFileType = text.xcconfig; name = "Pods-PaymentApp.debug.xcconfig"; path = "Target Support Files/Pods-PaymentApp/Pods-PaymentApp.debug.xcconfig"; sourceTree = "<group>"; };
		71265B8C239FFE66001AEE8D /* PaymentApp.app */ = {isa = PBXFileReference; explicitFileType = wrapper.application; includeInIndex = 0; path = PaymentApp.app; sourceTree = BUILT_PRODUCTS_DIR; };
		71265B8F239FFE66001AEE8D /* AppDelegate.h */ = {isa = PBXFileReference; lastKnownFileType = sourcecode.c.h; path = AppDelegate.h; sourceTree = "<group>"; };
		71265B90239FFE66001AEE8D /* AppDelegate.m */ = {isa = PBXFileReference; lastKnownFileType = sourcecode.c.objc; path = AppDelegate.m; sourceTree = "<group>"; };
		71265B99239FFE66001AEE8D /* Base */ = {isa = PBXFileReference; lastKnownFileType = file.storyboard; name = Base; path = Base.lproj/Main.storyboard; sourceTree = "<group>"; };
		71265B9B239FFE69001AEE8D /* Assets.xcassets */ = {isa = PBXFileReference; lastKnownFileType = folder.assetcatalog; path = Assets.xcassets; sourceTree = "<group>"; };
		71265B9E239FFE69001AEE8D /* Base */ = {isa = PBXFileReference; lastKnownFileType = file.storyboard; name = Base; path = Base.lproj/LaunchScreen.storyboard; sourceTree = "<group>"; };
		71265BA0239FFE69001AEE8D /* Info.plist */ = {isa = PBXFileReference; lastKnownFileType = text.plist.xml; path = Info.plist; sourceTree = "<group>"; };
		71265BA1239FFE69001AEE8D /* main.m */ = {isa = PBXFileReference; lastKnownFileType = sourcecode.c.objc; path = main.m; sourceTree = "<group>"; };
		71265BB223A0339A001AEE8D /* APIManager.h */ = {isa = PBXFileReference; lastKnownFileType = sourcecode.c.h; path = APIManager.h; sourceTree = "<group>"; };
		71265BB323A0339A001AEE8D /* APIManager.m */ = {isa = PBXFileReference; lastKnownFileType = sourcecode.c.objc; path = APIManager.m; sourceTree = "<group>"; };
		71265BB523A03861001AEE8D /* BaseJSONModel.h */ = {isa = PBXFileReference; lastKnownFileType = sourcecode.c.h; path = BaseJSONModel.h; sourceTree = "<group>"; };
		71265BB623A03861001AEE8D /* BaseJSONModel.m */ = {isa = PBXFileReference; lastKnownFileType = sourcecode.c.objc; path = BaseJSONModel.m; sourceTree = "<group>"; };
		71265BB823A039CF001AEE8D /* CardIssuerModel.h */ = {isa = PBXFileReference; lastKnownFileType = sourcecode.c.h; path = CardIssuerModel.h; sourceTree = "<group>"; };
		71265BB923A039CF001AEE8D /* CardIssuerModel.m */ = {isa = PBXFileReference; lastKnownFileType = sourcecode.c.objc; path = CardIssuerModel.m; sourceTree = "<group>"; };
		71265BBB23A04373001AEE8D /* PaymentMethodModel.h */ = {isa = PBXFileReference; lastKnownFileType = sourcecode.c.h; path = PaymentMethodModel.h; sourceTree = "<group>"; };
		71265BBC23A04373001AEE8D /* PaymentMethodModel.m */ = {isa = PBXFileReference; lastKnownFileType = sourcecode.c.objc; path = PaymentMethodModel.m; sourceTree = "<group>"; };
		71265BBE23A04CE8001AEE8D /* InstallmentModel.h */ = {isa = PBXFileReference; lastKnownFileType = sourcecode.c.h; path = InstallmentModel.h; sourceTree = "<group>"; };
		71265BBF23A04CE8001AEE8D /* InstallmentModel.m */ = {isa = PBXFileReference; lastKnownFileType = sourcecode.c.objc; path = InstallmentModel.m; sourceTree = "<group>"; };
		71265BC123A12FEB001AEE8D /* SettingModel.h */ = {isa = PBXFileReference; lastKnownFileType = sourcecode.c.h; path = SettingModel.h; sourceTree = "<group>"; };
		71265BC223A12FEB001AEE8D /* SettingModel.m */ = {isa = PBXFileReference; lastKnownFileType = sourcecode.c.objc; path = SettingModel.m; sourceTree = "<group>"; };
		71265BC423A1355C001AEE8D /* PayerCostsModel.h */ = {isa = PBXFileReference; lastKnownFileType = sourcecode.c.h; path = PayerCostsModel.h; sourceTree = "<group>"; };
		71265BC523A1355C001AEE8D /* PayerCostsModel.m */ = {isa = PBXFileReference; lastKnownFileType = sourcecode.c.objc; path = PayerCostsModel.m; sourceTree = "<group>"; };
		71265BC723A16725001AEE8D /* PaymentMethodsViewModel.h */ = {isa = PBXFileReference; lastKnownFileType = sourcecode.c.h; path = PaymentMethodsViewModel.h; sourceTree = "<group>"; };
		71265BC823A16725001AEE8D /* PaymentMethodsViewModel.m */ = {isa = PBXFileReference; lastKnownFileType = sourcecode.c.objc; path = PaymentMethodsViewModel.m; sourceTree = "<group>"; };
		71265BCA23A16BF8001AEE8D /* PaymentMethodsViewController.h */ = {isa = PBXFileReference; lastKnownFileType = sourcecode.c.h; path = PaymentMethodsViewController.h; sourceTree = "<group>"; };
		71265BCB23A16BF8001AEE8D /* PaymentMethodsViewController.m */ = {isa = PBXFileReference; lastKnownFileType = sourcecode.c.objc; path = PaymentMethodsViewController.m; sourceTree = "<group>"; };
		71265BCD23A1B28F001AEE8D /* Constants.h */ = {isa = PBXFileReference; lastKnownFileType = sourcecode.c.h; path = Constants.h; sourceTree = "<group>"; };
		71265BCE23A1B28F001AEE8D /* Constants.m */ = {isa = PBXFileReference; lastKnownFileType = sourcecode.c.objc; path = Constants.m; sourceTree = "<group>"; };
		71265BD123A1B4EB001AEE8D /* PaymentApp-Prefix.pch */ = {isa = PBXFileReference; fileEncoding = 4; lastKnownFileType = sourcecode.c.h; path = "PaymentApp-Prefix.pch"; sourceTree = "<group>"; };
		71265BD323A2B950001AEE8D /* PaymentMethodTableViewCell.h */ = {isa = PBXFileReference; lastKnownFileType = sourcecode.c.h; path = PaymentMethodTableViewCell.h; sourceTree = "<group>"; };
		71265BD423A2B950001AEE8D /* PaymentMethodTableViewCell.m */ = {isa = PBXFileReference; lastKnownFileType = sourcecode.c.objc; path = PaymentMethodTableViewCell.m; sourceTree = "<group>"; };
		71265BD623A2C6C6001AEE8D /* PaymentMethodCellViewModel.h */ = {isa = PBXFileReference; lastKnownFileType = sourcecode.c.h; path = PaymentMethodCellViewModel.h; sourceTree = "<group>"; };
		71265BD723A2C6C6001AEE8D /* PaymentMethodCellViewModel.m */ = {isa = PBXFileReference; lastKnownFileType = sourcecode.c.objc; path = PaymentMethodCellViewModel.m; sourceTree = "<group>"; };
		71265BD923A3D60A001AEE8D /* BanksViewController.h */ = {isa = PBXFileReference; lastKnownFileType = sourcecode.c.h; path = BanksViewController.h; sourceTree = "<group>"; };
		71265BDC23A429AB001AEE8D /* BaseViewModel.h */ = {isa = PBXFileReference; lastKnownFileType = sourcecode.c.h; path = BaseViewModel.h; sourceTree = "<group>"; };
		71265BDD23A429AC001AEE8D /* BaseViewModel.m */ = {isa = PBXFileReference; lastKnownFileType = sourcecode.c.objc; path = BaseViewModel.m; sourceTree = "<group>"; };
		71265BDF23A42C0B001AEE8D /* BankTableViewCell.h */ = {isa = PBXFileReference; lastKnownFileType = sourcecode.c.h; path = BankTableViewCell.h; sourceTree = "<group>"; };
		71265BE023A42C0B001AEE8D /* BankTableViewCell.m */ = {isa = PBXFileReference; lastKnownFileType = sourcecode.c.objc; path = BankTableViewCell.m; sourceTree = "<group>"; };
		71265BE223A42DAF001AEE8D /* BanksViewModel.h */ = {isa = PBXFileReference; lastKnownFileType = sourcecode.c.h; path = BanksViewModel.h; sourceTree = "<group>"; };
		71265BE323A42DB0001AEE8D /* BanksViewModel.m */ = {isa = PBXFileReference; lastKnownFileType = sourcecode.c.objc; path = BanksViewModel.m; sourceTree = "<group>"; };
		71265BE523A42DEE001AEE8D /* BankCellViewModel.h */ = {isa = PBXFileReference; lastKnownFileType = sourcecode.c.h; path = BankCellViewModel.h; sourceTree = "<group>"; };
		71265BE623A42DEE001AEE8D /* BankCellViewModel.m */ = {isa = PBXFileReference; lastKnownFileType = sourcecode.c.objc; path = BankCellViewModel.m; sourceTree = "<group>"; };
		71265BE823A449C3001AEE8D /* PaymentViewController.h */ = {isa = PBXFileReference; lastKnownFileType = sourcecode.c.h; path = PaymentViewController.h; sourceTree = "<group>"; };
		71265BE923A449C3001AEE8D /* PaymentViewController.m */ = {isa = PBXFileReference; lastKnownFileType = sourcecode.c.objc; path = PaymentViewController.m; sourceTree = "<group>"; };
		71BBB33623A54F980090EFB6 /* BanksViewController.m */ = {isa = PBXFileReference; fileEncoding = 4; lastKnownFileType = sourcecode.c.objc; path = BanksViewController.m; sourceTree = "<group>"; };
		71BBB33823A550D70090EFB6 /* InstallmentsViewController.h */ = {isa = PBXFileReference; lastKnownFileType = sourcecode.c.h; path = InstallmentsViewController.h; sourceTree = "<group>"; };
		71BBB33923A550D70090EFB6 /* InstallmentsViewController.m */ = {isa = PBXFileReference; lastKnownFileType = sourcecode.c.objc; path = InstallmentsViewController.m; sourceTree = "<group>"; };
		71BBB33B23A5510E0090EFB6 /* InstallmentsViewModel.h */ = {isa = PBXFileReference; lastKnownFileType = sourcecode.c.h; path = InstallmentsViewModel.h; sourceTree = "<group>"; };
		71BBB33C23A5510E0090EFB6 /* InstallmentsViewModel.m */ = {isa = PBXFileReference; lastKnownFileType = sourcecode.c.objc; path = InstallmentsViewModel.m; sourceTree = "<group>"; };
		71BBB33E23A5512B0090EFB6 /* InstallmentCellViewModel.h */ = {isa = PBXFileReference; lastKnownFileType = sourcecode.c.h; path = InstallmentCellViewModel.h; sourceTree = "<group>"; };
		71BBB33F23A5512B0090EFB6 /* InstallmentCellViewModel.m */ = {isa = PBXFileReference; lastKnownFileType = sourcecode.c.objc; path = InstallmentCellViewModel.m; sourceTree = "<group>"; };
		71BBB34123A551540090EFB6 /* InstallmentTableViewCell.h */ = {isa = PBXFileReference; lastKnownFileType = sourcecode.c.h; path = InstallmentTableViewCell.h; sourceTree = "<group>"; };
		71BBB34223A551540090EFB6 /* InstallmentTableViewCell.m */ = {isa = PBXFileReference; lastKnownFileType = sourcecode.c.objc; path = InstallmentTableViewCell.m; sourceTree = "<group>"; };
		71BBB34423A5712E0090EFB6 /* SummaryViewController.h */ = {isa = PBXFileReference; lastKnownFileType = sourcecode.c.h; path = SummaryViewController.h; sourceTree = "<group>"; };
		71BBB34523A5712E0090EFB6 /* SummaryViewController.m */ = {isa = PBXFileReference; lastKnownFileType = sourcecode.c.objc; path = SummaryViewController.m; sourceTree = "<group>"; };
		71BBB34723A574350090EFB6 /* SummaryViewModel.h */ = {isa = PBXFileReference; lastKnownFileType = sourcecode.c.h; path = SummaryViewModel.h; sourceTree = "<group>"; };
		71BBB34823A574350090EFB6 /* SummaryViewModel.m */ = {isa = PBXFileReference; lastKnownFileType = sourcecode.c.objc; path = SummaryViewModel.m; sourceTree = "<group>"; };
		71BBB34A23A6D12B0090EFB6 /* BasePaymentViewController.h */ = {isa = PBXFileReference; lastKnownFileType = sourcecode.c.h; path = BasePaymentViewController.h; sourceTree = "<group>"; };
		71BBB34B23A6D12B0090EFB6 /* BasePaymentViewController.m */ = {isa = PBXFileReference; lastKnownFileType = sourcecode.c.objc; path = BasePaymentViewController.m; sourceTree = "<group>"; };
		71BBB34D23A705FD0090EFB6 /* NSString+Utils.h */ = {isa = PBXFileReference; lastKnownFileType = sourcecode.c.h; path = "NSString+Utils.h"; sourceTree = "<group>"; };
		71BBB34E23A705FD0090EFB6 /* NSString+Utils.m */ = {isa = PBXFileReference; lastKnownFileType = sourcecode.c.objc; path = "NSString+Utils.m"; sourceTree = "<group>"; };
		71BBB35023A7C9A70090EFB6 /* AmountView.h */ = {isa = PBXFileReference; lastKnownFileType = sourcecode.c.h; path = AmountView.h; sourceTree = "<group>"; };
		71BBB35123A7C9A70090EFB6 /* AmountView.m */ = {isa = PBXFileReference; lastKnownFileType = sourcecode.c.objc; path = AmountView.m; sourceTree = "<group>"; };
		71BBB35323A7C9C40090EFB6 /* AmountView.xib */ = {isa = PBXFileReference; lastKnownFileType = file.xib; path = AmountView.xib; sourceTree = "<group>"; };
		71BBB35623A7E4AB0090EFB6 /* Coordinator.h */ = {isa = PBXFileReference; lastKnownFileType = sourcecode.c.h; path = Coordinator.h; sourceTree = "<group>"; };
		71BBB35723A7E68B0090EFB6 /* ApplicationCoordinator.h */ = {isa = PBXFileReference; lastKnownFileType = sourcecode.c.h; path = ApplicationCoordinator.h; sourceTree = "<group>"; };
		71BBB35823A7E68B0090EFB6 /* ApplicationCoordinator.m */ = {isa = PBXFileReference; lastKnownFileType = sourcecode.c.objc; path = ApplicationCoordinator.m; sourceTree = "<group>"; };
		71BBB35D23A7F9BC0090EFB6 /* PaymentCoordinator.h */ = {isa = PBXFileReference; lastKnownFileType = sourcecode.c.h; path = PaymentCoordinator.h; sourceTree = "<group>"; };
		71BBB35E23A7F9BC0090EFB6 /* PaymentCoordinator.m */ = {isa = PBXFileReference; lastKnownFileType = sourcecode.c.objc; path = PaymentCoordinator.m; sourceTree = "<group>"; };
		71BBB36023A801CB0090EFB6 /* PaymentMethodsCoordinator.h */ = {isa = PBXFileReference; lastKnownFileType = sourcecode.c.h; path = PaymentMethodsCoordinator.h; sourceTree = "<group>"; };
		71BBB36123A801CB0090EFB6 /* PaymentMethodsCoordinator.m */ = {isa = PBXFileReference; lastKnownFileType = sourcecode.c.objc; path = PaymentMethodsCoordinator.m; sourceTree = "<group>"; };
		71BBB36423A803F60090EFB6 /* UIViewController+Create.h */ = {isa = PBXFileReference; lastKnownFileType = sourcecode.c.h; path = "UIViewController+Create.h"; sourceTree = "<group>"; };
		71BBB36523A803F60090EFB6 /* UIViewController+Create.m */ = {isa = PBXFileReference; lastKnownFileType = sourcecode.c.objc; path = "UIViewController+Create.m"; sourceTree = "<group>"; };
		71BBB36723A8082A0090EFB6 /* BanksCoordinator.h */ = {isa = PBXFileReference; lastKnownFileType = sourcecode.c.h; path = BanksCoordinator.h; sourceTree = "<group>"; };
		71BBB36823A8082A0090EFB6 /* BanksCoordinator.m */ = {isa = PBXFileReference; lastKnownFileType = sourcecode.c.objc; path = BanksCoordinator.m; sourceTree = "<group>"; };
		71BBB36A23A813B40090EFB6 /* InstallmentsCoordinator.h */ = {isa = PBXFileReference; lastKnownFileType = sourcecode.c.h; path = InstallmentsCoordinator.h; sourceTree = "<group>"; };
		71BBB36B23A813B40090EFB6 /* InstallmentsCoordinator.m */ = {isa = PBXFileReference; lastKnownFileType = sourcecode.c.objc; path = InstallmentsCoordinator.m; sourceTree = "<group>"; };
		71BBB36D23A8161B0090EFB6 /* SummaryCoordinator.h */ = {isa = PBXFileReference; lastKnownFileType = sourcecode.c.h; path = SummaryCoordinator.h; sourceTree = "<group>"; };
		71BBB36E23A8161B0090EFB6 /* SummaryCoordinator.m */ = {isa = PBXFileReference; lastKnownFileType = sourcecode.c.objc; path = SummaryCoordinator.m; sourceTree = "<group>"; };
		71BBB37023A9695D0090EFB6 /* Utils.h */ = {isa = PBXFileReference; lastKnownFileType = sourcecode.c.h; path = Utils.h; sourceTree = "<group>"; };
		71BBB37123A9695D0090EFB6 /* Utils.m */ = {isa = PBXFileReference; lastKnownFileType = sourcecode.c.objc; path = Utils.m; sourceTree = "<group>"; };
		71BBB37323A96E3B0090EFB6 /* ErrorViewController.h */ = {isa = PBXFileReference; lastKnownFileType = sourcecode.c.h; path = ErrorViewController.h; sourceTree = "<group>"; };
		71BBB37423A96E3B0090EFB6 /* ErrorViewController.m */ = {isa = PBXFileReference; lastKnownFileType = sourcecode.c.objc; path = ErrorViewController.m; sourceTree = "<group>"; };
/* End PBXFileReference section */

/* Begin PBXFrameworksBuildPhase section */
		71265B89239FFE66001AEE8D /* Frameworks */ = {
			isa = PBXFrameworksBuildPhase;
			buildActionMask = 2147483647;
			files = (
				C55863B26F3E0619C05B20AA /* Pods_PaymentApp.framework in Frameworks */,
			);
			runOnlyForDeploymentPostprocessing = 0;
		};
/* End PBXFrameworksBuildPhase section */

/* Begin PBXGroup section */
		71265B83239FFE66001AEE8D = {
			isa = PBXGroup;
			children = (
				71265B8E239FFE66001AEE8D /* PaymentApp */,
				71265B8D239FFE66001AEE8D /* Products */,
				85DAAC9AA47F0B12AB24D5C3 /* Pods */,
				839C2563D3D915888DEA6265 /* Frameworks */,
			);
			sourceTree = "<group>";
		};
		71265B8D239FFE66001AEE8D /* Products */ = {
			isa = PBXGroup;
			children = (
				71265B8C239FFE66001AEE8D /* PaymentApp.app */,
			);
			name = Products;
			sourceTree = "<group>";
		};
		71265B8E239FFE66001AEE8D /* PaymentApp */ = {
			isa = PBXGroup;
			children = (
				71BBB35523A7E32F0090EFB6 /* Navigation */,
				71265BA823A0280A001AEE8D /* ViewControllers */,
				71265BA923A0281D001AEE8D /* ViewModels */,
				71265BD223A2B925001AEE8D /* Views */,
				71265BAA23A02824001AEE8D /* Models */,
				71265BAC23A0282F001AEE8D /* Network */,
				71BBB36323A803C80090EFB6 /* Categories */,
				71265BAB23A02829001AEE8D /* Utils */,
				71265BAD23A02842001AEE8D /* Resources */,
				71265BAE23A0288E001AEE8D /* Supporting Files */,
				71265BB123A029EC001AEE8D /* AppDelegate */,
			);
			path = PaymentApp;
			sourceTree = "<group>";
		};
		71265BA823A0280A001AEE8D /* ViewControllers */ = {
			isa = PBXGroup;
			children = (
				71BBB34A23A6D12B0090EFB6 /* BasePaymentViewController.h */,
				71BBB34B23A6D12B0090EFB6 /* BasePaymentViewController.m */,
				71265BE823A449C3001AEE8D /* PaymentViewController.h */,
				71265BE923A449C3001AEE8D /* PaymentViewController.m */,
				71265BCA23A16BF8001AEE8D /* PaymentMethodsViewController.h */,
				71265BCB23A16BF8001AEE8D /* PaymentMethodsViewController.m */,
				71265BD923A3D60A001AEE8D /* BanksViewController.h */,
				71BBB33623A54F980090EFB6 /* BanksViewController.m */,
				71BBB33823A550D70090EFB6 /* InstallmentsViewController.h */,
				71BBB33923A550D70090EFB6 /* InstallmentsViewController.m */,
				71BBB34423A5712E0090EFB6 /* SummaryViewController.h */,
				71BBB34523A5712E0090EFB6 /* SummaryViewController.m */,
				71BBB37323A96E3B0090EFB6 /* ErrorViewController.h */,
				71BBB37423A96E3B0090EFB6 /* ErrorViewController.m */,
			);
			path = ViewControllers;
			sourceTree = "<group>";
		};
		71265BA923A0281D001AEE8D /* ViewModels */ = {
			isa = PBXGroup;
			children = (
				71265BDC23A429AB001AEE8D /* BaseViewModel.h */,
				71265BDD23A429AC001AEE8D /* BaseViewModel.m */,
				71265BC723A16725001AEE8D /* PaymentMethodsViewModel.h */,
				71265BC823A16725001AEE8D /* PaymentMethodsViewModel.m */,
				71265BD623A2C6C6001AEE8D /* PaymentMethodCellViewModel.h */,
				71265BD723A2C6C6001AEE8D /* PaymentMethodCellViewModel.m */,
				71265BE223A42DAF001AEE8D /* BanksViewModel.h */,
				71265BE323A42DB0001AEE8D /* BanksViewModel.m */,
				71265BE523A42DEE001AEE8D /* BankCellViewModel.h */,
				71265BE623A42DEE001AEE8D /* BankCellViewModel.m */,
				71BBB33B23A5510E0090EFB6 /* InstallmentsViewModel.h */,
				71BBB33C23A5510E0090EFB6 /* InstallmentsViewModel.m */,
				71BBB33E23A5512B0090EFB6 /* InstallmentCellViewModel.h */,
				71BBB33F23A5512B0090EFB6 /* InstallmentCellViewModel.m */,
				71BBB34723A574350090EFB6 /* SummaryViewModel.h */,
				71BBB34823A574350090EFB6 /* SummaryViewModel.m */,
			);
			path = ViewModels;
			sourceTree = "<group>";
		};
		71265BAA23A02824001AEE8D /* Models */ = {
			isa = PBXGroup;
			children = (
				71265BB523A03861001AEE8D /* BaseJSONModel.h */,
				71265BB623A03861001AEE8D /* BaseJSONModel.m */,
				71265BB823A039CF001AEE8D /* CardIssuerModel.h */,
				71265BB923A039CF001AEE8D /* CardIssuerModel.m */,
				71265BBB23A04373001AEE8D /* PaymentMethodModel.h */,
				71265BBC23A04373001AEE8D /* PaymentMethodModel.m */,
				71265BC123A12FEB001AEE8D /* SettingModel.h */,
				71265BC223A12FEB001AEE8D /* SettingModel.m */,
				71265BBE23A04CE8001AEE8D /* InstallmentModel.h */,
				71265BBF23A04CE8001AEE8D /* InstallmentModel.m */,
				71265BC423A1355C001AEE8D /* PayerCostsModel.h */,
				71265BC523A1355C001AEE8D /* PayerCostsModel.m */,
			);
			path = Models;
			sourceTree = "<group>";
		};
		71265BAB23A02829001AEE8D /* Utils */ = {
			isa = PBXGroup;
			children = (
				71265BCD23A1B28F001AEE8D /* Constants.h */,
				71265BCE23A1B28F001AEE8D /* Constants.m */,
				71BBB34D23A705FD0090EFB6 /* NSString+Utils.h */,
				71BBB34E23A705FD0090EFB6 /* NSString+Utils.m */,
				71BBB37023A9695D0090EFB6 /* Utils.h */,
				71BBB37123A9695D0090EFB6 /* Utils.m */,
			);
			path = Utils;
			sourceTree = "<group>";
		};
		71265BAC23A0282F001AEE8D /* Network */ = {
			isa = PBXGroup;
			children = (
				71265BB223A0339A001AEE8D /* APIManager.h */,
				71265BB323A0339A001AEE8D /* APIManager.m */,
			);
			path = Network;
			sourceTree = "<group>";
		};
		71265BAD23A02842001AEE8D /* Resources */ = {
			isa = PBXGroup;
			children = (
				71265B98239FFE66001AEE8D /* Main.storyboard */,
				71265B9D239FFE69001AEE8D /* LaunchScreen.storyboard */,
				71BBB35323A7C9C40090EFB6 /* AmountView.xib */,
				71265B9B239FFE69001AEE8D /* Assets.xcassets */,
			);
			path = Resources;
			sourceTree = "<group>";
		};
		71265BAE23A0288E001AEE8D /* Supporting Files */ = {
			isa = PBXGroup;
			children = (
				71265BA0239FFE69001AEE8D /* Info.plist */,
				71265BA1239FFE69001AEE8D /* main.m */,
				71265BD123A1B4EB001AEE8D /* PaymentApp-Prefix.pch */,
			);
			path = "Supporting Files";
			sourceTree = "<group>";
		};
		71265BB123A029EC001AEE8D /* AppDelegate */ = {
			isa = PBXGroup;
			children = (
				71265B8F239FFE66001AEE8D /* AppDelegate.h */,
				71265B90239FFE66001AEE8D /* AppDelegate.m */,
			);
			path = AppDelegate;
			sourceTree = "<group>";
		};
		71265BD223A2B925001AEE8D /* Views */ = {
			isa = PBXGroup;
			children = (
				71265BD323A2B950001AEE8D /* PaymentMethodTableViewCell.h */,
				71265BD423A2B950001AEE8D /* PaymentMethodTableViewCell.m */,
				71265BDF23A42C0B001AEE8D /* BankTableViewCell.h */,
				71265BE023A42C0B001AEE8D /* BankTableViewCell.m */,
				71BBB34123A551540090EFB6 /* InstallmentTableViewCell.h */,
				71BBB34223A551540090EFB6 /* InstallmentTableViewCell.m */,
				71BBB35023A7C9A70090EFB6 /* AmountView.h */,
				71BBB35123A7C9A70090EFB6 /* AmountView.m */,
			);
			path = Views;
			sourceTree = "<group>";
		};
		71BBB35523A7E32F0090EFB6 /* Navigation */ = {
			isa = PBXGroup;
			children = (
				71BBB35623A7E4AB0090EFB6 /* Coordinator.h */,
				71BBB35723A7E68B0090EFB6 /* ApplicationCoordinator.h */,
				71BBB35823A7E68B0090EFB6 /* ApplicationCoordinator.m */,
				71BBB35D23A7F9BC0090EFB6 /* PaymentCoordinator.h */,
				71BBB35E23A7F9BC0090EFB6 /* PaymentCoordinator.m */,
				71BBB36023A801CB0090EFB6 /* PaymentMethodsCoordinator.h */,
				71BBB36123A801CB0090EFB6 /* PaymentMethodsCoordinator.m */,
				71BBB36723A8082A0090EFB6 /* BanksCoordinator.h */,
				71BBB36823A8082A0090EFB6 /* BanksCoordinator.m */,
				71BBB36A23A813B40090EFB6 /* InstallmentsCoordinator.h */,
				71BBB36B23A813B40090EFB6 /* InstallmentsCoordinator.m */,
				71BBB36D23A8161B0090EFB6 /* SummaryCoordinator.h */,
				71BBB36E23A8161B0090EFB6 /* SummaryCoordinator.m */,
			);
			path = Navigation;
			sourceTree = "<group>";
		};
		71BBB36323A803C80090EFB6 /* Categories */ = {
			isa = PBXGroup;
			children = (
				71BBB36423A803F60090EFB6 /* UIViewController+Create.h */,
				71BBB36523A803F60090EFB6 /* UIViewController+Create.m */,
			);
			path = Categories;
			sourceTree = "<group>";
		};
		839C2563D3D915888DEA6265 /* Frameworks */ = {
			isa = PBXGroup;
			children = (
				32964B1C9A7F3ADC6DE3744C /* Pods_PaymentApp.framework */,
			);
			name = Frameworks;
			sourceTree = "<group>";
		};
		85DAAC9AA47F0B12AB24D5C3 /* Pods */ = {
			isa = PBXGroup;
			children = (
				4FE3EC049DE1B6C9582AC3E6 /* Pods-PaymentApp.debug.xcconfig */,
				396DBEB369B68D6CCDC07885 /* Pods-PaymentApp.release.xcconfig */,
			);
			path = Pods;
			sourceTree = "<group>";
		};
/* End PBXGroup section */

/* Begin PBXNativeTarget section */
		71265B8B239FFE66001AEE8D /* PaymentApp */ = {
			isa = PBXNativeTarget;
			buildConfigurationList = 71265BA5239FFE69001AEE8D /* Build configuration list for PBXNativeTarget "PaymentApp" */;
			buildPhases = (
				2A4A1BEF8295386769A8332F /* [CP] Check Pods Manifest.lock */,
				71265B88239FFE66001AEE8D /* Sources */,
				71265B89239FFE66001AEE8D /* Frameworks */,
				71265B8A239FFE66001AEE8D /* Resources */,
				E2579A9FD35A42892A57E2EE /* [CP] Embed Pods Frameworks */,
			);
			buildRules = (
			);
			dependencies = (
			);
			name = PaymentApp;
			productName = PaymentApp;
			productReference = 71265B8C239FFE66001AEE8D /* PaymentApp.app */;
			productType = "com.apple.product-type.application";
		};
/* End PBXNativeTarget section */

/* Begin PBXProject section */
		71265B84239FFE66001AEE8D /* Project object */ = {
			isa = PBXProject;
			attributes = {
				LastUpgradeCheck = 1120;
				ORGANIZATIONNAME = Jonathan;
				TargetAttributes = {
					71265B8B239FFE66001AEE8D = {
						CreatedOnToolsVersion = 11.2.1;
					};
				};
			};
			buildConfigurationList = 71265B87239FFE66001AEE8D /* Build configuration list for PBXProject "PaymentApp" */;
			compatibilityVersion = "Xcode 9.3";
			developmentRegion = en;
			hasScannedForEncodings = 0;
			knownRegions = (
				en,
				Base,
			);
			mainGroup = 71265B83239FFE66001AEE8D;
			productRefGroup = 71265B8D239FFE66001AEE8D /* Products */;
			projectDirPath = "";
			projectRoot = "";
			targets = (
				71265B8B239FFE66001AEE8D /* PaymentApp */,
			);
		};
/* End PBXProject section */

/* Begin PBXResourcesBuildPhase section */
		71265B8A239FFE66001AEE8D /* Resources */ = {
			isa = PBXResourcesBuildPhase;
			buildActionMask = 2147483647;
			files = (
				71265B9F239FFE69001AEE8D /* LaunchScreen.storyboard in Resources */,
				71265B9C239FFE69001AEE8D /* Assets.xcassets in Resources */,
				71BBB35423A7C9C40090EFB6 /* AmountView.xib in Resources */,
				71265B9A239FFE66001AEE8D /* Main.storyboard in Resources */,
			);
			runOnlyForDeploymentPostprocessing = 0;
		};
/* End PBXResourcesBuildPhase section */

/* Begin PBXShellScriptBuildPhase section */
		2A4A1BEF8295386769A8332F /* [CP] Check Pods Manifest.lock */ = {
			isa = PBXShellScriptBuildPhase;
			buildActionMask = 2147483647;
			files = (
			);
			inputFileListPaths = (
			);
			inputPaths = (
				"${PODS_PODFILE_DIR_PATH}/Podfile.lock",
				"${PODS_ROOT}/Manifest.lock",
			);
			name = "[CP] Check Pods Manifest.lock";
			outputFileListPaths = (
			);
			outputPaths = (
				"$(DERIVED_FILE_DIR)/Pods-PaymentApp-checkManifestLockResult.txt",
			);
			runOnlyForDeploymentPostprocessing = 0;
			shellPath = /bin/sh;
			shellScript = "diff \"${PODS_PODFILE_DIR_PATH}/Podfile.lock\" \"${PODS_ROOT}/Manifest.lock\" > /dev/null\nif [ $? != 0 ] ; then\n    # print error to STDERR\n    echo \"error: The sandbox is not in sync with the Podfile.lock. Run 'pod install' or update your CocoaPods installation.\" >&2\n    exit 1\nfi\n# This output is used by Xcode 'outputs' to avoid re-running this script phase.\necho \"SUCCESS\" > \"${SCRIPT_OUTPUT_FILE_0}\"\n";
			showEnvVarsInLog = 0;
		};
		E2579A9FD35A42892A57E2EE /* [CP] Embed Pods Frameworks */ = {
			isa = PBXShellScriptBuildPhase;
			buildActionMask = 2147483647;
			files = (
			);
			inputFileListPaths = (
				"${PODS_ROOT}/Target Support Files/Pods-PaymentApp/Pods-PaymentApp-frameworks-${CONFIGURATION}-input-files.xcfilelist",
			);
			name = "[CP] Embed Pods Frameworks";
			outputFileListPaths = (
				"${PODS_ROOT}/Target Support Files/Pods-PaymentApp/Pods-PaymentApp-frameworks-${CONFIGURATION}-output-files.xcfilelist",
			);
			runOnlyForDeploymentPostprocessing = 0;
			shellPath = /bin/sh;
			shellScript = "\"${PODS_ROOT}/Target Support Files/Pods-PaymentApp/Pods-PaymentApp-frameworks.sh\"\n";
			showEnvVarsInLog = 0;
		};
/* End PBXShellScriptBuildPhase section */

/* Begin PBXSourcesBuildPhase section */
		71265B88239FFE66001AEE8D /* Sources */ = {
			isa = PBXSourcesBuildPhase;
			buildActionMask = 2147483647;
			files = (
				71265BD523A2B950001AEE8D /* PaymentMethodTableViewCell.m in Sources */,
				71BBB35923A7E68B0090EFB6 /* ApplicationCoordinator.m in Sources */,
				71265BB723A03861001AEE8D /* BaseJSONModel.m in Sources */,
				71265BE423A42DB0001AEE8D /* BanksViewModel.m in Sources */,
				71265BEA23A449C3001AEE8D /* PaymentViewController.m in Sources */,
				71BBB33D23A5510E0090EFB6 /* InstallmentsViewModel.m in Sources */,
				71265BD823A2C6C6001AEE8D /* PaymentMethodCellViewModel.m in Sources */,
				71BBB34023A5512B0090EFB6 /* InstallmentCellViewModel.m in Sources */,
				71BBB36623A803F60090EFB6 /* UIViewController+Create.m in Sources */,
				71BBB34F23A705FD0090EFB6 /* NSString+Utils.m in Sources */,
				71265BBA23A039CF001AEE8D /* CardIssuerModel.m in Sources */,
				71BBB37223A9695D0090EFB6 /* Utils.m in Sources */,
				71BBB33A23A550D70090EFB6 /* InstallmentsViewController.m in Sources */,
				71BBB36F23A8161B0090EFB6 /* SummaryCoordinator.m in Sources */,
				71265BCC23A16BF8001AEE8D /* PaymentMethodsViewController.m in Sources */,
				71BBB36923A8082A0090EFB6 /* BanksCoordinator.m in Sources */,
				71265BC023A04CE8001AEE8D /* InstallmentModel.m in Sources */,
				71265BCF23A1B28F001AEE8D /* Constants.m in Sources */,
				71265BC323A12FEB001AEE8D /* SettingModel.m in Sources */,
				71265B91239FFE66001AEE8D /* AppDelegate.m in Sources */,
				71265BA2239FFE69001AEE8D /* main.m in Sources */,
				71BBB35F23A7F9BC0090EFB6 /* PaymentCoordinator.m in Sources */,
				71265BC623A1355C001AEE8D /* PayerCostsModel.m in Sources */,
				71BBB34923A574350090EFB6 /* SummaryViewModel.m in Sources */,
				71BBB34323A551540090EFB6 /* InstallmentTableViewCell.m in Sources */,
				71BBB36223A801CB0090EFB6 /* PaymentMethodsCoordinator.m in Sources */,
				71BBB33723A54F980090EFB6 /* BanksViewController.m in Sources */,
				71BBB36C23A813B40090EFB6 /* InstallmentsCoordinator.m in Sources */,
				71265BDE23A429AC001AEE8D /* BaseViewModel.m in Sources */,
				71265BE123A42C0B001AEE8D /* BankTableViewCell.m in Sources */,
				71BBB34C23A6D12B0090EFB6 /* BasePaymentViewController.m in Sources */,
				71265BE723A42DEE001AEE8D /* BankCellViewModel.m in Sources */,
				71BBB37523A96E3B0090EFB6 /* ErrorViewController.m in Sources */,
				71265BB423A0339A001AEE8D /* APIManager.m in Sources */,
				71BBB35223A7C9A70090EFB6 /* AmountView.m in Sources */,
				71BBB34623A5712E0090EFB6 /* SummaryViewController.m in Sources */,
				71265BC923A16725001AEE8D /* PaymentMethodsViewModel.m in Sources */,
				71265BBD23A04373001AEE8D /* PaymentMethodModel.m in Sources */,
			);
			runOnlyForDeploymentPostprocessing = 0;
		};
/* End PBXSourcesBuildPhase section */

/* Begin PBXVariantGroup section */
		71265B98239FFE66001AEE8D /* Main.storyboard */ = {
			isa = PBXVariantGroup;
			children = (
				71265B99239FFE66001AEE8D /* Base */,
			);
			name = Main.storyboard;
			sourceTree = "<group>";
		};
		71265B9D239FFE69001AEE8D /* LaunchScreen.storyboard */ = {
			isa = PBXVariantGroup;
			children = (
				71265B9E239FFE69001AEE8D /* Base */,
			);
			name = LaunchScreen.storyboard;
			sourceTree = "<group>";
		};
/* End PBXVariantGroup section */

/* Begin XCBuildConfiguration section */
		71265BA3239FFE69001AEE8D /* Debug */ = {
			isa = XCBuildConfiguration;
			buildSettings = {
				ALWAYS_SEARCH_USER_PATHS = NO;
				CLANG_ANALYZER_NONNULL = YES;
				CLANG_ANALYZER_NUMBER_OBJECT_CONVERSION = YES_AGGRESSIVE;
				CLANG_CXX_LANGUAGE_STANDARD = "gnu++14";
				CLANG_CXX_LIBRARY = "libc++";
				CLANG_ENABLE_MODULES = YES;
				CLANG_ENABLE_OBJC_ARC = YES;
				CLANG_ENABLE_OBJC_WEAK = YES;
				CLANG_WARN_BLOCK_CAPTURE_AUTORELEASING = YES;
				CLANG_WARN_BOOL_CONVERSION = YES;
				CLANG_WARN_COMMA = YES;
				CLANG_WARN_CONSTANT_CONVERSION = YES;
				CLANG_WARN_DEPRECATED_OBJC_IMPLEMENTATIONS = YES;
				CLANG_WARN_DIRECT_OBJC_ISA_USAGE = YES_ERROR;
				CLANG_WARN_DOCUMENTATION_COMMENTS = YES;
				CLANG_WARN_EMPTY_BODY = YES;
				CLANG_WARN_ENUM_CONVERSION = YES;
				CLANG_WARN_INFINITE_RECURSION = YES;
				CLANG_WARN_INT_CONVERSION = YES;
				CLANG_WARN_NON_LITERAL_NULL_CONVERSION = YES;
				CLANG_WARN_OBJC_IMPLICIT_RETAIN_SELF = YES;
				CLANG_WARN_OBJC_LITERAL_CONVERSION = YES;
				CLANG_WARN_OBJC_ROOT_CLASS = YES_ERROR;
				CLANG_WARN_RANGE_LOOP_ANALYSIS = YES;
				CLANG_WARN_STRICT_PROTOTYPES = YES;
				CLANG_WARN_SUSPICIOUS_MOVE = YES;
				CLANG_WARN_UNGUARDED_AVAILABILITY = YES_AGGRESSIVE;
				CLANG_WARN_UNREACHABLE_CODE = YES;
				CLANG_WARN__DUPLICATE_METHOD_MATCH = YES;
				COPY_PHASE_STRIP = NO;
				DEBUG_INFORMATION_FORMAT = dwarf;
				ENABLE_STRICT_OBJC_MSGSEND = YES;
				ENABLE_TESTABILITY = YES;
				GCC_C_LANGUAGE_STANDARD = gnu11;
				GCC_DYNAMIC_NO_PIC = NO;
				GCC_NO_COMMON_BLOCKS = YES;
				GCC_OPTIMIZATION_LEVEL = 0;
				GCC_PREPROCESSOR_DEFINITIONS = (
					"DEBUG=1",
					"$(inherited)",
				);
				GCC_WARN_64_TO_32_BIT_CONVERSION = YES;
				GCC_WARN_ABOUT_RETURN_TYPE = YES_ERROR;
				GCC_WARN_UNDECLARED_SELECTOR = YES;
				GCC_WARN_UNINITIALIZED_AUTOS = YES_AGGRESSIVE;
				GCC_WARN_UNUSED_FUNCTION = YES;
				GCC_WARN_UNUSED_VARIABLE = YES;
				IPHONEOS_DEPLOYMENT_TARGET = 13.2;
				MTL_ENABLE_DEBUG_INFO = INCLUDE_SOURCE;
				MTL_FAST_MATH = YES;
				ONLY_ACTIVE_ARCH = YES;
				SDKROOT = iphoneos;
			};
			name = Debug;
		};
		71265BA4239FFE69001AEE8D /* Release */ = {
			isa = XCBuildConfiguration;
			buildSettings = {
				ALWAYS_SEARCH_USER_PATHS = NO;
				CLANG_ANALYZER_NONNULL = YES;
				CLANG_ANALYZER_NUMBER_OBJECT_CONVERSION = YES_AGGRESSIVE;
				CLANG_CXX_LANGUAGE_STANDARD = "gnu++14";
				CLANG_CXX_LIBRARY = "libc++";
				CLANG_ENABLE_MODULES = YES;
				CLANG_ENABLE_OBJC_ARC = YES;
				CLANG_ENABLE_OBJC_WEAK = YES;
				CLANG_WARN_BLOCK_CAPTURE_AUTORELEASING = YES;
				CLANG_WARN_BOOL_CONVERSION = YES;
				CLANG_WARN_COMMA = YES;
				CLANG_WARN_CONSTANT_CONVERSION = YES;
				CLANG_WARN_DEPRECATED_OBJC_IMPLEMENTATIONS = YES;
				CLANG_WARN_DIRECT_OBJC_ISA_USAGE = YES_ERROR;
				CLANG_WARN_DOCUMENTATION_COMMENTS = YES;
				CLANG_WARN_EMPTY_BODY = YES;
				CLANG_WARN_ENUM_CONVERSION = YES;
				CLANG_WARN_INFINITE_RECURSION = YES;
				CLANG_WARN_INT_CONVERSION = YES;
				CLANG_WARN_NON_LITERAL_NULL_CONVERSION = YES;
				CLANG_WARN_OBJC_IMPLICIT_RETAIN_SELF = YES;
				CLANG_WARN_OBJC_LITERAL_CONVERSION = YES;
				CLANG_WARN_OBJC_ROOT_CLASS = YES_ERROR;
				CLANG_WARN_RANGE_LOOP_ANALYSIS = YES;
				CLANG_WARN_STRICT_PROTOTYPES = YES;
				CLANG_WARN_SUSPICIOUS_MOVE = YES;
				CLANG_WARN_UNGUARDED_AVAILABILITY = YES_AGGRESSIVE;
				CLANG_WARN_UNREACHABLE_CODE = YES;
				CLANG_WARN__DUPLICATE_METHOD_MATCH = YES;
				COPY_PHASE_STRIP = NO;
				DEBUG_INFORMATION_FORMAT = "dwarf-with-dsym";
				ENABLE_NS_ASSERTIONS = NO;
				ENABLE_STRICT_OBJC_MSGSEND = YES;
				GCC_C_LANGUAGE_STANDARD = gnu11;
				GCC_NO_COMMON_BLOCKS = YES;
				GCC_WARN_64_TO_32_BIT_CONVERSION = YES;
				GCC_WARN_ABOUT_RETURN_TYPE = YES_ERROR;
				GCC_WARN_UNDECLARED_SELECTOR = YES;
				GCC_WARN_UNINITIALIZED_AUTOS = YES_AGGRESSIVE;
				GCC_WARN_UNUSED_FUNCTION = YES;
				GCC_WARN_UNUSED_VARIABLE = YES;
				IPHONEOS_DEPLOYMENT_TARGET = 13.2;
				MTL_ENABLE_DEBUG_INFO = NO;
				MTL_FAST_MATH = YES;
				SDKROOT = iphoneos;
				VALIDATE_PRODUCT = YES;
			};
			name = Release;
		};
		71265BA6239FFE69001AEE8D /* Debug */ = {
			isa = XCBuildConfiguration;
			baseConfigurationReference = 4FE3EC049DE1B6C9582AC3E6 /* Pods-PaymentApp.debug.xcconfig */;
			buildSettings = {
				ASSETCATALOG_COMPILER_APPICON_NAME = AppIcon;
				CODE_SIGN_STYLE = Automatic;
				DEVELOPMENT_TEAM = K37UCBV45N;
				GCC_PRECOMPILE_PREFIX_HEADER = YES;
				GCC_PREFIX_HEADER = "PaymentApp/Supporting Files/PaymentApp-Prefix.pch";
				INFOPLIST_FILE = "PaymentApp/Supporting Files/Info.plist";
				IPHONEOS_DEPLOYMENT_TARGET = 9.0;
				LD_RUNPATH_SEARCH_PATHS = (
					"$(inherited)",
					"@executable_path/Frameworks",
				);
				PRODUCT_BUNDLE_IDENTIFIER = com.jonathan.PaymentApp;
				PRODUCT_NAME = "$(TARGET_NAME)";
				TARGETED_DEVICE_FAMILY = 1;
			};
			name = Debug;
		};
		71265BA7239FFE69001AEE8D /* Release */ = {
			isa = XCBuildConfiguration;
			baseConfigurationReference = 396DBEB369B68D6CCDC07885 /* Pods-PaymentApp.release.xcconfig */;
			buildSettings = {
				ASSETCATALOG_COMPILER_APPICON_NAME = AppIcon;
				CODE_SIGN_STYLE = Automatic;
				DEVELOPMENT_TEAM = K37UCBV45N;
				GCC_PRECOMPILE_PREFIX_HEADER = YES;
				GCC_PREFIX_HEADER = "PaymentApp/Supporting Files/PaymentApp-Prefix.pch";
				INFOPLIST_FILE = "PaymentApp/Supporting Files/Info.plist";
				IPHONEOS_DEPLOYMENT_TARGET = 9.0;
				LD_RUNPATH_SEARCH_PATHS = (
					"$(inherited)",
					"@executable_path/Frameworks",
				);
				PRODUCT_BUNDLE_IDENTIFIER = com.jonathan.PaymentApp;
				PRODUCT_NAME = "$(TARGET_NAME)";
				TARGETED_DEVICE_FAMILY = 1;
			};
			name = Release;
		};
/* End XCBuildConfiguration section */

/* Begin XCConfigurationList section */
		71265B87239FFE66001AEE8D /* Build configuration list for PBXProject "PaymentApp" */ = {
			isa = XCConfigurationList;
			buildConfigurations = (
				71265BA3239FFE69001AEE8D /* Debug */,
				71265BA4239FFE69001AEE8D /* Release */,
			);
			defaultConfigurationIsVisible = 0;
			defaultConfigurationName = Release;
		};
		71265BA5239FFE69001AEE8D /* Build configuration list for PBXNativeTarget "PaymentApp" */ = {
			isa = XCConfigurationList;
			buildConfigurations = (
				71265BA6239FFE69001AEE8D /* Debug */,
				71265BA7239FFE69001AEE8D /* Release */,
			);
			defaultConfigurationIsVisible = 0;
			defaultConfigurationName = Release;
		};
/* End XCConfigurationList section */
	};
	rootObject = 71265B84239FFE66001AEE8D /* Project object */;
}
